
Microsoft Visual Studio Solution File, Format Version 12.00
# Visual Studio Version 17
VisualStudioVersion = 17.3.32825.248
MinimumVisualStudioVersion = 10.0.40219.1
Project("{FAE04EC0-301F-11D3-BF4B-00C04F79EFBC}") = "ThirdHW", "ThirdHW.csproj", "{8492EF9C-6720-4953-9171-9FDB77397CB3}"
EndProject
Global
	GlobalSection(SolutionConfigurationPlatforms) = preSolution
		Debug|Any CPU = Debug|Any CPU
		Release|Any CPU = Release|Any CPU
	EndGlobalSection
	GlobalSection(ProjectConfigurationPlatforms) = postSolution
		{8492EF9C-6720-4953-9171-9FDB77397CB3}.Debug|Any CPU.ActiveCfg = Debug|Any CPU
		{8492EF9C-6720-4953-9171-9FDB77397CB3}.Debug|Any CPU.Build.0 = Debug|Any CPU
		{8492EF9C-6720-4953-9171-9FDB77397CB3}.Release|Any CPU.ActiveCfg = Release|Any CPU
		{8492EF9C-6720-4953-9171-9FDB77397CB3}.Release|Any CPU.Build.0 = Release|Any CPU
	EndGlobalSection
	GlobalSection(SolutionProperties) = preSolution
		HideSolutionNode = FALSE
	EndGlobalSection
	GlobalSection(ExtensibilityGlobals) = postSolution
		SolutionGuid = {F138C949-DCD3-453F-8008-C4798A2C4DFE}
	EndGlobalSection
EndGlobal
